
Microsoft Visual Studio Solution File, Format Version 12.00
# Visual Studio 15
VisualStudioVersion = 15.0.27428.2043
MinimumVisualStudioVersion = 10.0.40219.1
Project("{FAE04EC0-301F-11D3-BF4B-00C04F79EFBC}") = "WebAPI", "WebAPI\WebAPI.csproj", "{877DBEE9-38F9-48E3-8737-1317B2D033A1}"
EndProject
Project("{FAE04EC0-301F-11D3-BF4B-00C04F79EFBC}") = "WebAPI.Tests", "WebAPI.Tests\WebAPI.Tests.csproj", "{BBD2636A-4742-481E-BBFB-30644262AFAE}"
EndProject
Project("{FAE04EC0-301F-11D3-BF4B-00C04F79EFBC}") = "BusinessAccess", "BusinessAccess\BusinessAccess.csproj", "{D60E784E-6904-48EC-92C8-C8CC53A23898}"
EndProject
Project("{FAE04EC0-301F-11D3-BF4B-00C04F79EFBC}") = "BusinessEntity", "BusinessEntity\BusinessEntity.csproj", "{F506733A-4419-4A35-8887-2DFE3A81C9E1}"
EndProject
Project("{FAE04EC0-301F-11D3-BF4B-00C04F79EFBC}") = "DataAccess", "DataAccess\DataAccess.csproj", "{AE015FD4-47EC-4E9F-BF91-D94AF8997914}"
EndProject
Global
	GlobalSection(SolutionConfigurationPlatforms) = preSolution
		Debug|Any CPU = Debug|Any CPU
		Release|Any CPU = Release|Any CPU
	EndGlobalSection
	GlobalSection(ProjectConfigurationPlatforms) = postSolution
		{877DBEE9-38F9-48E3-8737-1317B2D033A1}.Debug|Any CPU.ActiveCfg = Debug|Any CPU
		{877DBEE9-38F9-48E3-8737-1317B2D033A1}.Debug|Any CPU.Build.0 = Debug|Any CPU
		{877DBEE9-38F9-48E3-8737-1317B2D033A1}.Release|Any CPU.ActiveCfg = Release|Any CPU
		{877DBEE9-38F9-48E3-8737-1317B2D033A1}.Release|Any CPU.Build.0 = Release|Any CPU
		{BBD2636A-4742-481E-BBFB-30644262AFAE}.Debug|Any CPU.ActiveCfg = Debug|Any CPU
		{BBD2636A-4742-481E-BBFB-30644262AFAE}.Debug|Any CPU.Build.0 = Debug|Any CPU
		{BBD2636A-4742-481E-BBFB-30644262AFAE}.Release|Any CPU.ActiveCfg = Release|Any CPU
		{BBD2636A-4742-481E-BBFB-30644262AFAE}.Release|Any CPU.Build.0 = Release|Any CPU
		{D60E784E-6904-48EC-92C8-C8CC53A23898}.Debug|Any CPU.ActiveCfg = Debug|Any CPU
		{D60E784E-6904-48EC-92C8-C8CC53A23898}.Debug|Any CPU.Build.0 = Debug|Any CPU
		{D60E784E-6904-48EC-92C8-C8CC53A23898}.Release|Any CPU.ActiveCfg = Release|Any CPU
		{D60E784E-6904-48EC-92C8-C8CC53A23898}.Release|Any CPU.Build.0 = Release|Any CPU
		{F506733A-4419-4A35-8887-2DFE3A81C9E1}.Debug|Any CPU.ActiveCfg = Debug|Any CPU
		{F506733A-4419-4A35-8887-2DFE3A81C9E1}.Debug|Any CPU.Build.0 = Debug|Any CPU
		{F506733A-4419-4A35-8887-2DFE3A81C9E1}.Release|Any CPU.ActiveCfg = Release|Any CPU
		{F506733A-4419-4A35-8887-2DFE3A81C9E1}.Release|Any CPU.Build.0 = Release|Any CPU
		{AE015FD4-47EC-4E9F-BF91-D94AF8997914}.Debug|Any CPU.ActiveCfg = Debug|Any CPU
		{AE015FD4-47EC-4E9F-BF91-D94AF8997914}.Debug|Any CPU.Build.0 = Debug|Any CPU
		{AE015FD4-47EC-4E9F-BF91-D94AF8997914}.Release|Any CPU.ActiveCfg = Release|Any CPU
		{AE015FD4-47EC-4E9F-BF91-D94AF8997914}.Release|Any CPU.Build.0 = Release|Any CPU
	EndGlobalSection
	GlobalSection(SolutionProperties) = preSolution
		HideSolutionNode = FALSE
	EndGlobalSection
	GlobalSection(ExtensibilityGlobals) = postSolution
		SolutionGuid = {48950E53-8A12-4873-B16D-3665E825A9FA}
	EndGlobalSection
EndGlobal
